
Microsoft Visual Studio Solution File, Format Version 12.00
# Visual Studio Version 17
VisualStudioVersion = 17.6.33829.357
MinimumVisualStudioVersion = 10.0.40219.1
Project("{8BC9CEB8-8B4A-11D0-8D11-00A0C91BC942}") = "HelloWorld", "HelloWorld\HelloWorld.vcxproj", "{E9E0E026-F91D-4C24-9693-A8EE02FF86F7}"
EndProject
Project("{8BC9CEB8-8B4A-11D0-8D11-00A0C91BC942}") = "oopdemo", "oopdemo\oopdemo.vcxproj", "{D58117DB-40BD-4883-9FB9-191F0CA1E5CA}"
EndProject
Project("{8BC9CEB8-8B4A-11D0-8D11-00A0C91BC942}") = "object", "object\object.vcxproj", "{2A823B49-79D9-4B31-8BAF-982F2EB7BDA7}"
EndProject
Project("{8BC9CEB8-8B4A-11D0-8D11-00A0C91BC942}") = "MyNumber", "MyNumber\MyNumber.vcxproj", "{BF10B4B7-9B89-4F42-B535-76F67A902845}"
EndProject
Project("{8BC9CEB8-8B4A-11D0-8D11-00A0C91BC942}") = "FuncObjectLambda", "FuncObjectLambda\FuncObjectLambda.vcxproj", "{C9F2C216-F3D8-42C2-B9BF-A4C74ECBEB0C}"
EndProject
Project("{8BC9CEB8-8B4A-11D0-8D11-00A0C91BC942}") = "inline", "inline\inline.vcxproj", "{08CBDDC1-979D-4FC4-9DD6-22A047EC8AE1}"
EndProject
Project("{8BC9CEB8-8B4A-11D0-8D11-00A0C91BC942}") = "ObjectTest", "ObjectTest\ObjectTest.vcxproj", "{A80290B3-E9B7-43FC-9D7F-B24328A2B35D}"
EndProject
Project("{8BC9CEB8-8B4A-11D0-8D11-00A0C91BC942}") = "StackAndHeap", "StackAndHeap\StackAndHeap.vcxproj", "{46014197-7545-43BC-B651-81318283DAFB}"
EndProject
Global
	GlobalSection(SolutionConfigurationPlatforms) = preSolution
		Debug|x64 = Debug|x64
		Debug|x86 = Debug|x86
		Release|x64 = Release|x64
		Release|x86 = Release|x86
	EndGlobalSection
	GlobalSection(ProjectConfigurationPlatforms) = postSolution
		{E9E0E026-F91D-4C24-9693-A8EE02FF86F7}.Debug|x64.ActiveCfg = Debug|x64
		{E9E0E026-F91D-4C24-9693-A8EE02FF86F7}.Debug|x64.Build.0 = Debug|x64
		{E9E0E026-F91D-4C24-9693-A8EE02FF86F7}.Debug|x86.ActiveCfg = Debug|Win32
		{E9E0E026-F91D-4C24-9693-A8EE02FF86F7}.Debug|x86.Build.0 = Debug|Win32
		{E9E0E026-F91D-4C24-9693-A8EE02FF86F7}.Release|x64.ActiveCfg = Release|x64
		{E9E0E026-F91D-4C24-9693-A8EE02FF86F7}.Release|x64.Build.0 = Release|x64
		{E9E0E026-F91D-4C24-9693-A8EE02FF86F7}.Release|x86.ActiveCfg = Release|Win32
		{E9E0E026-F91D-4C24-9693-A8EE02FF86F7}.Release|x86.Build.0 = Release|Win32
		{D58117DB-40BD-4883-9FB9-191F0CA1E5CA}.Debug|x64.ActiveCfg = Debug|x64
		{D58117DB-40BD-4883-9FB9-191F0CA1E5CA}.Debug|x64.Build.0 = Debug|x64
		{D58117DB-40BD-4883-9FB9-191F0CA1E5CA}.Debug|x86.ActiveCfg = Debug|Win32
		{D58117DB-40BD-4883-9FB9-191F0CA1E5CA}.Debug|x86.Build.0 = Debug|Win32
		{D58117DB-40BD-4883-9FB9-191F0CA1E5CA}.Release|x64.ActiveCfg = Release|x64
		{D58117DB-40BD-4883-9FB9-191F0CA1E5CA}.Release|x64.Build.0 = Release|x64
		{D58117DB-40BD-4883-9FB9-191F0CA1E5CA}.Release|x86.ActiveCfg = Release|Win32
		{D58117DB-40BD-4883-9FB9-191F0CA1E5CA}.Release|x86.Build.0 = Release|Win32
		{2A823B49-79D9-4B31-8BAF-982F2EB7BDA7}.Debug|x64.ActiveCfg = Debug|x64
		{2A823B49-79D9-4B31-8BAF-982F2EB7BDA7}.Debug|x64.Build.0 = Debug|x64
		{2A823B49-79D9-4B31-8BAF-982F2EB7BDA7}.Debug|x86.ActiveCfg = Debug|Win32
		{2A823B49-79D9-4B31-8BAF-982F2EB7BDA7}.Debug|x86.Build.0 = Debug|Win32
		{2A823B49-79D9-4B31-8BAF-982F2EB7BDA7}.Release|x64.ActiveCfg = Release|x64
		{2A823B49-79D9-4B31-8BAF-982F2EB7BDA7}.Release|x64.Build.0 = Release|x64
		{2A823B49-79D9-4B31-8BAF-982F2EB7BDA7}.Release|x86.ActiveCfg = Release|Win32
		{2A823B49-79D9-4B31-8BAF-982F2EB7BDA7}.Release|x86.Build.0 = Release|Win32
		{BF10B4B7-9B89-4F42-B535-76F67A902845}.Debug|x64.ActiveCfg = Debug|x64
		{BF10B4B7-9B89-4F42-B535-76F67A902845}.Debug|x64.Build.0 = Debug|x64
		{BF10B4B7-9B89-4F42-B535-76F67A902845}.Debug|x86.ActiveCfg = Debug|Win32
		{BF10B4B7-9B89-4F42-B535-76F67A902845}.Debug|x86.Build.0 = Debug|Win32
		{BF10B4B7-9B89-4F42-B535-76F67A902845}.Release|x64.ActiveCfg = Release|x64
		{BF10B4B7-9B89-4F42-B535-76F67A902845}.Release|x64.Build.0 = Release|x64
		{BF10B4B7-9B89-4F42-B535-76F67A902845}.Release|x86.ActiveCfg = Release|Win32
		{BF10B4B7-9B89-4F42-B535-76F67A902845}.Release|x86.Build.0 = Release|Win32
		{C9F2C216-F3D8-42C2-B9BF-A4C74ECBEB0C}.Debug|x64.ActiveCfg = Debug|x64
		{C9F2C216-F3D8-42C2-B9BF-A4C74ECBEB0C}.Debug|x64.Build.0 = Debug|x64
		{C9F2C216-F3D8-42C2-B9BF-A4C74ECBEB0C}.Debug|x86.ActiveCfg = Debug|Win32
		{C9F2C216-F3D8-42C2-B9BF-A4C74ECBEB0C}.Debug|x86.Build.0 = Debug|Win32
		{C9F2C216-F3D8-42C2-B9BF-A4C74ECBEB0C}.Release|x64.ActiveCfg = Release|x64
		{C9F2C216-F3D8-42C2-B9BF-A4C74ECBEB0C}.Release|x64.Build.0 = Release|x64
		{C9F2C216-F3D8-42C2-B9BF-A4C74ECBEB0C}.Release|x86.ActiveCfg = Release|Win32
		{C9F2C216-F3D8-42C2-B9BF-A4C74ECBEB0C}.Release|x86.Build.0 = Release|Win32
		{08CBDDC1-979D-4FC4-9DD6-22A047EC8AE1}.Debug|x64.ActiveCfg = Debug|x64
		{08CBDDC1-979D-4FC4-9DD6-22A047EC8AE1}.Debug|x64.Build.0 = Debug|x64
		{08CBDDC1-979D-4FC4-9DD6-22A047EC8AE1}.Debug|x86.ActiveCfg = Debug|Win32
		{08CBDDC1-979D-4FC4-9DD6-22A047EC8AE1}.Debug|x86.Build.0 = Debug|Win32
		{08CBDDC1-979D-4FC4-9DD6-22A047EC8AE1}.Release|x64.ActiveCfg = Release|x64
		{08CBDDC1-979D-4FC4-9DD6-22A047EC8AE1}.Release|x64.Build.0 = Release|x64
		{08CBDDC1-979D-4FC4-9DD6-22A047EC8AE1}.Release|x86.ActiveCfg = Release|Win32
		{08CBDDC1-979D-4FC4-9DD6-22A047EC8AE1}.Release|x86.Build.0 = Release|Win32
		{A80290B3-E9B7-43FC-9D7F-B24328A2B35D}.Debug|x64.ActiveCfg = Debug|x64
		{A80290B3-E9B7-43FC-9D7F-B24328A2B35D}.Debug|x64.Build.0 = Debug|x64
		{A80290B3-E9B7-43FC-9D7F-B24328A2B35D}.Debug|x86.ActiveCfg = Debug|Win32
		{A80290B3-E9B7-43FC-9D7F-B24328A2B35D}.Debug|x86.Build.0 = Debug|Win32
		{A80290B3-E9B7-43FC-9D7F-B24328A2B35D}.Release|x64.ActiveCfg = Release|x64
		{A80290B3-E9B7-43FC-9D7F-B24328A2B35D}.Release|x64.Build.0 = Release|x64
		{A80290B3-E9B7-43FC-9D7F-B24328A2B35D}.Release|x86.ActiveCfg = Release|Win32
		{A80290B3-E9B7-43FC-9D7F-B24328A2B35D}.Release|x86.Build.0 = Release|Win32
		{46014197-7545-43BC-B651-81318283DAFB}.Debug|x64.ActiveCfg = Debug|x64
		{46014197-7545-43BC-B651-81318283DAFB}.Debug|x64.Build.0 = Debug|x64
		{46014197-7545-43BC-B651-81318283DAFB}.Debug|x86.ActiveCfg = Debug|Win32
		{46014197-7545-43BC-B651-81318283DAFB}.Debug|x86.Build.0 = Debug|Win32
		{46014197-7545-43BC-B651-81318283DAFB}.Release|x64.ActiveCfg = Release|x64
		{46014197-7545-43BC-B651-81318283DAFB}.Release|x64.Build.0 = Release|x64
		{46014197-7545-43BC-B651-81318283DAFB}.Release|x86.ActiveCfg = Release|Win32
		{46014197-7545-43BC-B651-81318283DAFB}.Release|x86.Build.0 = Release|Win32
	EndGlobalSection
	GlobalSection(SolutionProperties) = preSolution
		HideSolutionNode = FALSE
	EndGlobalSection
	GlobalSection(ExtensibilityGlobals) = postSolution
		SolutionGuid = {81C34C0C-3E54-40E4-A427-42242A86B322}
	EndGlobalSection
EndGlobal
